
Microsoft Visual Studio Solution File, Format Version 12.00
# Visual Studio Version 17
VisualStudioVersion = 17.8.34309.116
MinimumVisualStudioVersion = 10.0.40219.1
Project("{FAE04EC0-301F-11D3-BF4B-00C04F79EFBC}") = "VehicleRentalSystem", "VehicleRentalSystem\VehicleRentalSystem.csproj", "{665ED356-8F18-4094-ADEC-49E158694BCB}"
EndProject
Global
	GlobalSection(SolutionConfigurationPlatforms) = preSolution
		Debug|Any CPU = Debug|Any CPU
		Release|Any CPU = Release|Any CPU
	EndGlobalSection
	GlobalSection(ProjectConfigurationPlatforms) = postSolution
		{665ED356-8F18-4094-ADEC-49E158694BCB}.Debug|Any CPU.ActiveCfg = Debug|Any CPU
		{665ED356-8F18-4094-ADEC-49E158694BCB}.Debug|Any CPU.Build.0 = Debug|Any CPU
		{665ED356-8F18-4094-ADEC-49E158694BCB}.Release|Any CPU.ActiveCfg = Release|Any CPU
		{665ED356-8F18-4094-ADEC-49E158694BCB}.Release|Any CPU.Build.0 = Release|Any CPU
	EndGlobalSection
	GlobalSection(SolutionProperties) = preSolution
		HideSolutionNode = FALSE
	EndGlobalSection
	GlobalSection(ExtensibilityGlobals) = postSolution
		SolutionGuid = {DF5D4478-9D60-48D7-9CF1-62B31023D863}
	EndGlobalSection
EndGlobal
